// !$*UTF8*$!
{
	archiveVersion = 1;
	classes = {
	};
	objectVersion = 77;
	objects = {

/* Begin PBXBuildFile section */
		38B57136F59558D15CCD8E6F /* BenchBitsStickerPack.appex in Embed Foundation Extensions */ = {isa = PBXBuildFile; fileRef = 889501F005049EEC744C75EB /* BenchBitsStickerPack.appex */; settings = {ATTRIBUTES = (RemoveHeadersOnCopy, ); }; };
		8506541A0CDCE8BE575FE969 /* Assets.xcassets in Resources */ = {isa = PBXBuildFile; fileRef = 3326CB104FC86ECC612A94F8 /* Assets.xcassets */; };
		E3EDEA1B9DC285BA8B11160F /* PrivacyInfo.xcprivacy in Resources */ = {isa = PBXBuildFile; fileRef = 18437DB4447E0B5C24A1D3E7 /* PrivacyInfo.xcprivacy */; };
		F3D16D069226C8906F3ED845 /* Stickers.xcstickers in Resources */ = {isa = PBXBuildFile; fileRef = 7145F2416833D7209AF7B87A /* Stickers.xcstickers */; };
/* End PBXBuildFile section */

/* Begin PBXContainerItemProxy section */
		89F2919281164403F71BD32A /* PBXContainerItemProxy */ = {
			isa = PBXContainerItemProxy;
			containerPortal = 9712AEA9C49ADA608F7E06A3 /* Project object */;
			proxyType = 1;
			remoteGlobalIDString = 1BE8837F8AFE0A9F56276B18;
			remoteInfo = BenchBitsStickerPack;
		};
/* End PBXContainerItemProxy section */

/* Begin PBXCopyFilesBuildPhase section */
		3DFDFF1ED897B22368865886 /* Embed Foundation Extensions */ = {
			isa = PBXCopyFilesBuildPhase;
			buildActionMask = 2147483647;
			dstPath = "";
			dstSubfolderSpec = 13;
			files = (
				38B57136F59558D15CCD8E6F /* BenchBitsStickerPack.appex in Embed Foundation Extensions */,
			);
			name = "Embed Foundation Extensions";
			runOnlyForDeploymentPostprocessing = 0;
		};
/* End PBXCopyFilesBuildPhase section */

/* Begin PBXFileReference section */
		18437DB4447E0B5C24A1D3E7 /* PrivacyInfo.xcprivacy */ = {isa = PBXFileReference; path = PrivacyInfo.xcprivacy; sourceTree = "<group>"; };
		3326CB104FC86ECC612A94F8 /* Assets.xcassets */ = {isa = PBXFileReference; lastKnownFileType = folder.assetcatalog; path = Assets.xcassets; sourceTree = "<group>"; };
		5D41C61F9803E75ECC1D5B46 /* BenchBits.app */ = {isa = PBXFileReference; includeInIndex = 0; lastKnownFileType = wrapper.application; path = BenchBits.app; sourceTree = BUILT_PRODUCTS_DIR; };
		7145F2416833D7209AF7B87A /* Stickers.xcstickers */ = {isa = PBXFileReference; lastKnownFileType = folder.stickers; path = Stickers.xcstickers; sourceTree = "<group>"; };
		889501F005049EEC744C75EB /* BenchBitsStickerPack.appex */ = {isa = PBXFileReference; includeInIndex = 0; lastKnownFileType = "wrapper.app-extension"; path = BenchBitsStickerPack.appex; sourceTree = BUILT_PRODUCTS_DIR; };
/* End PBXFileReference section */

/* Begin PBXGroup section */
		1F07AA9A6B2E71127E02978B /* BenchBitsStickerPack */ = {
			isa = PBXGroup;
			children = (
				7145F2416833D7209AF7B87A /* Stickers.xcstickers */,
			);
			path = BenchBitsStickerPack;
			sourceTree = "<group>";
		};
		A77F14A6405ECAFFA620C533 /* Products */ = {
			isa = PBXGroup;
			children = (
				5D41C61F9803E75ECC1D5B46 /* BenchBits.app */,
				889501F005049EEC744C75EB /* BenchBitsStickerPack.appex */,
			);
			name = Products;
			sourceTree = "<group>";
		};
		BB5534322D2E1DCB60DF69B4 = {
			isa = PBXGroup;
			children = (
				C62EFAB92C4B15B8B5A11F36 /* BenchBits */,
				1F07AA9A6B2E71127E02978B /* BenchBitsStickerPack */,
				A77F14A6405ECAFFA620C533 /* Products */,
			);
			sourceTree = "<group>";
		};
		C62EFAB92C4B15B8B5A11F36 /* BenchBits */ = {
			isa = PBXGroup;
			children = (
				3326CB104FC86ECC612A94F8 /* Assets.xcassets */,
				18437DB4447E0B5C24A1D3E7 /* PrivacyInfo.xcprivacy */,
			);
			path = BenchBits;
			sourceTree = "<group>";
		};
/* End PBXGroup section */

/* Begin PBXNativeTarget section */
		1BE8837F8AFE0A9F56276B18 /* BenchBitsStickerPack */ = {
			isa = PBXNativeTarget;
			buildConfigurationList = 7FB9016B9983E64A6073EC07 /* Build configuration list for PBXNativeTarget "BenchBitsStickerPack" */;
			buildPhases = (
				3C291939F63CA16DC977744C /* Resources */,
			);
			buildRules = (
			);
			dependencies = (
			);
			name = BenchBitsStickerPack;
			packageProductDependencies = (
			);
			productName = BenchBitsStickerPack;
			productReference = 889501F005049EEC744C75EB /* BenchBitsStickerPack.appex */;
			productType = "com.apple.product-type.app-extension.messages-sticker-pack";
		};
		BACD3DED25668659569B7C17 /* BenchBits */ = {
			isa = PBXNativeTarget;
			buildConfigurationList = 5F6543152EDD1EFBFDDE09D9 /* Build configuration list for PBXNativeTarget "BenchBits" */;
			buildPhases = (
				19DAC7CEE3D527DDFBB1C1AE /* Resources */,
				3DFDFF1ED897B22368865886 /* Embed Foundation Extensions */,
			);
			buildRules = (
			);
			dependencies = (
				C65E95C5A0ADDB66892B183E /* PBXTargetDependency */,
			);
			name = BenchBits;
			packageProductDependencies = (
			);
			productName = BenchBits;
			productReference = 5D41C61F9803E75ECC1D5B46 /* BenchBits.app */;
			productType = "com.apple.product-type.application.messages";
		};
/* End PBXNativeTarget section */

/* Begin PBXProject section */
		9712AEA9C49ADA608F7E06A3 /* Project object */ = {
			isa = PBXProject;
			attributes = {
				BuildIndependentTargetsInParallel = YES;
				LastUpgradeCheck = 2600;
				TargetAttributes = {
					1BE8837F8AFE0A9F56276B18 = {
						ProvisioningStyle = Automatic;
					};
					BACD3DED25668659569B7C17 = {
						ProvisioningStyle = Automatic;
					};
				};
			};
			buildConfigurationList = 0F1C653DA5CA96B661A4B2FF /* Build configuration list for PBXProject "BenchBits" */;
			developmentRegion = en;
			hasScannedForEncodings = 0;
			knownRegions = (
				Base,
				en,
			);
			mainGroup = BB5534322D2E1DCB60DF69B4;
			minimizedProjectReferenceProxies = 1;
			preferredProjectObjectVersion = 77;
			productRefGroup = A77F14A6405ECAFFA620C533 /* Products */;
			projectDirPath = "";
			projectRoot = "";
			targets = (
				BACD3DED25668659569B7C17 /* BenchBits */,
				1BE8837F8AFE0A9F56276B18 /* BenchBitsStickerPack */,
			);
		};
/* End PBXProject section */

/* Begin PBXResourcesBuildPhase section */
		19DAC7CEE3D527DDFBB1C1AE /* Resources */ = {
			isa = PBXResourcesBuildPhase;
			buildActionMask = 2147483647;
			files = (
				8506541A0CDCE8BE575FE969 /* Assets.xcassets in Resources */,
				E3EDEA1B9DC285BA8B11160F /* PrivacyInfo.xcprivacy in Resources */,
			);
			runOnlyForDeploymentPostprocessing = 0;
		};
		3C291939F63CA16DC977744C /* Resources */ = {
			isa = PBXResourcesBuildPhase;
			buildActionMask = 2147483647;
			files = (
				F3D16D069226C8906F3ED845 /* Stickers.xcstickers in Resources */,
			);
			runOnlyForDeploymentPostprocessing = 0;
		};
/* End PBXResourcesBuildPhase section */

/* Begin PBXTargetDependency section */
		C65E95C5A0ADDB66892B183E /* PBXTargetDependency */ = {
			isa = PBXTargetDependency;
			target = 1BE8837F8AFE0A9F56276B18 /* BenchBitsStickerPack */;
			targetProxy = 89F2919281164403F71BD32A /* PBXContainerItemProxy */;
		};
/* End PBXTargetDependency section */

/* Begin XCBuildConfiguration section */
		7ECE6792F273A031B666F318 /* Release */ = {
			isa = XCBuildConfiguration;
			buildSettings = {
				ALWAYS_SEARCH_USER_PATHS = NO;
				CLANG_ANALYZER_NONNULL = YES;
				CLANG_ANALYZER_NUMBER_OBJECT_CONVERSION = YES_AGGRESSIVE;
				CLANG_CXX_LANGUAGE_STANDARD = "gnu++14";
				CLANG_CXX_LIBRARY = "libc++";
				CLANG_ENABLE_MODULES = YES;
				CLANG_ENABLE_OBJC_ARC = YES;
				CLANG_ENABLE_OBJC_WEAK = YES;
				CLANG_WARN_BLOCK_CAPTURE_AUTORELEASING = YES;
				CLANG_WARN_BOOL_CONVERSION = YES;
				CLANG_WARN_COMMA = YES;
				CLANG_WARN_CONSTANT_CONVERSION = YES;
				CLANG_WARN_DEPRECATED_OBJC_IMPLEMENTATIONS = YES;
				CLANG_WARN_DIRECT_OBJC_ISA_USAGE = YES_ERROR;
				CLANG_WARN_DOCUMENTATION_COMMENTS = YES;
				CLANG_WARN_EMPTY_BODY = YES;
				CLANG_WARN_ENUM_CONVERSION = YES;
				CLANG_WARN_INFINITE_RECURSION = YES;
				CLANG_WARN_INT_CONVERSION = YES;
				CLANG_WARN_NON_LITERAL_NULL_CONVERSION = YES;
				CLANG_WARN_OBJC_IMPLICIT_RETAIN_SELF = YES;
				CLANG_WARN_OBJC_LITERAL_CONVERSION = YES;
				CLANG_WARN_OBJC_ROOT_CLASS = YES_ERROR;
				CLANG_WARN_QUOTED_INCLUDE_IN_FRAMEWORK_HEADER = YES;
				CLANG_WARN_RANGE_LOOP_ANALYSIS = YES;
				CLANG_WARN_STRICT_PROTOTYPES = YES;
				CLANG_WARN_SUSPICIOUS_MOVE = YES;
				CLANG_WARN_UNGUARDED_AVAILABILITY = YES_AGGRESSIVE;
				CLANG_WARN_UNREACHABLE_CODE = YES;
				CLANG_WARN__DUPLICATE_METHOD_MATCH = YES;
				COPY_PHASE_STRIP = NO;
				CURRENT_PROJECT_VERSION = 1;
				DEBUG_INFORMATION_FORMAT = "dwarf-with-dsym";
				ENABLE_NS_ASSERTIONS = NO;
				ENABLE_STRICT_OBJC_MSGSEND = YES;
				GCC_C_LANGUAGE_STANDARD = gnu11;
				GCC_NO_COMMON_BLOCKS = YES;
				GCC_WARN_64_TO_32_BIT_CONVERSION = YES;
				GCC_WARN_ABOUT_RETURN_TYPE = YES_ERROR;
				GCC_WARN_UNDECLARED_SELECTOR = YES;
				GCC_WARN_UNINITIALIZED_AUTOS = YES_AGGRESSIVE;
				GCC_WARN_UNUSED_FUNCTION = YES;
				GCC_WARN_UNUSED_VARIABLE = YES;
				IPHONEOS_DEPLOYMENT_TARGET = 15.0;
				MARKETING_VERSION = 0.1.0;
				MTL_ENABLE_DEBUG_INFO = NO;
				MTL_FAST_MATH = YES;
				PRODUCT_NAME = "$(TARGET_NAME)";
				SDKROOT = iphoneos;
				SUPPORTS_MACCATALYST = NO;
				SWIFT_COMPILATION_MODE = wholemodule;
				SWIFT_OPTIMIZATION_LEVEL = "-O";
				SWIFT_VERSION = 5.0;
				TARGETED_DEVICE_FAMILY = "1,2";
			};
			name = Release;
		};
		8EE0CA5D75232E67F6D85649 /* Debug */ = {
			isa = XCBuildConfiguration;
			buildSettings = {
				ASSETCATALOG_COMPILER_APPICON_NAME = AppIcon;
				CODE_SIGN_STYLE = Automatic;
				INFOPLIST_FILE = BenchBits/Info.plist;
				LD_RUNPATH_SEARCH_PATHS = (
					"$(inherited)",
					"@executable_path/Frameworks",
				);
				PRODUCT_BUNDLE_IDENTIFIER = com.dreammanifold.benchbits;
				SDKROOT = iphoneos;
				SKIP_INSTALL = NO;
				TARGETED_DEVICE_FAMILY = "1,2";
			};
			name = Debug;
		};
		969C310784FCA9C5B803E4D8 /* Debug */ = {
			isa = XCBuildConfiguration;
			buildSettings = {
				APPLICATION_EXTENSION_API_ONLY = YES;
				ASSETCATALOG_COMPILER_APPICON_NAME = "iMessage App Icon";
				ASSETCATALOG_COMPILER_STICKER_PACK_IDENTIFIER_PREFIX = "$(PRODUCT_BUNDLE_IDENTIFIER).sticker-pack.";
				CODE_SIGN_STYLE = Automatic;
				INFOPLIST_FILE = BenchBitsStickerPack/Info.plist;
				LD_RUNPATH_SEARCH_PATHS = (
					"$(inherited)",
					"@executable_path/Frameworks",
				);
				PRODUCT_BUNDLE_IDENTIFIER = com.dreammanifold.benchbits.stickers;
				SDKROOT = iphoneos;
				SKIP_INSTALL = YES;
				TARGETED_DEVICE_FAMILY = "1,2";
			};
			name = Debug;
		};
		A1327239A9A0644046DFC0BF /* Debug */ = {
			isa = XCBuildConfiguration;
			buildSettings = {
				ALWAYS_SEARCH_USER_PATHS = NO;
				CLANG_ANALYZER_NONNULL = YES;
				CLANG_ANALYZER_NUMBER_OBJECT_CONVERSION = YES_AGGRESSIVE;
				CLANG_CXX_LANGUAGE_STANDARD = "gnu++14";
				CLANG_CXX_LIBRARY = "libc++";
				CLANG_ENABLE_MODULES = YES;
				CLANG_ENABLE_OBJC_ARC = YES;
				CLANG_ENABLE_OBJC_WEAK = YES;
				CLANG_WARN_BLOCK_CAPTURE_AUTORELEASING = YES;
				CLANG_WARN_BOOL_CONVERSION = YES;
				CLANG_WARN_COMMA = YES;
				CLANG_WARN_CONSTANT_CONVERSION = YES;
				CLANG_WARN_DEPRECATED_OBJC_IMPLEMENTATIONS = YES;
				CLANG_WARN_DIRECT_OBJC_ISA_USAGE = YES_ERROR;
				CLANG_WARN_DOCUMENTATION_COMMENTS = YES;
				CLANG_WARN_EMPTY_BODY = YES;
				CLANG_WARN_ENUM_CONVERSION = YES;
				CLANG_WARN_INFINITE_RECURSION = YES;
				CLANG_WARN_INT_CONVERSION = YES;
				CLANG_WARN_NON_LITERAL_NULL_CONVERSION = YES;
				CLANG_WARN_OBJC_IMPLICIT_RETAIN_SELF = YES;
				CLANG_WARN_OBJC_LITERAL_CONVERSION = YES;
				CLANG_WARN_OBJC_ROOT_CLASS = YES_ERROR;
				CLANG_WARN_QUOTED_INCLUDE_IN_FRAMEWORK_HEADER = YES;
				CLANG_WARN_RANGE_LOOP_ANALYSIS = YES;
				CLANG_WARN_STRICT_PROTOTYPES = YES;
				CLANG_WARN_SUSPICIOUS_MOVE = YES;
				CLANG_WARN_UNGUARDED_AVAILABILITY = YES_AGGRESSIVE;
				CLANG_WARN_UNREACHABLE_CODE = YES;
				CLANG_WARN__DUPLICATE_METHOD_MATCH = YES;
				COPY_PHASE_STRIP = NO;
				CURRENT_PROJECT_VERSION = 1;
				DEBUG_INFORMATION_FORMAT = dwarf;
				ENABLE_STRICT_OBJC_MSGSEND = YES;
				ENABLE_TESTABILITY = YES;
				GCC_C_LANGUAGE_STANDARD = gnu11;
				GCC_DYNAMIC_NO_PIC = NO;
				GCC_NO_COMMON_BLOCKS = YES;
				GCC_OPTIMIZATION_LEVEL = 0;
				GCC_PREPROCESSOR_DEFINITIONS = (
					"$(inherited)",
					"DEBUG=1",
				);
				GCC_WARN_64_TO_32_BIT_CONVERSION = YES;
				GCC_WARN_ABOUT_RETURN_TYPE = YES_ERROR;
				GCC_WARN_UNDECLARED_SELECTOR = YES;
				GCC_WARN_UNINITIALIZED_AUTOS = YES_AGGRESSIVE;
				GCC_WARN_UNUSED_FUNCTION = YES;
				GCC_WARN_UNUSED_VARIABLE = YES;
				IPHONEOS_DEPLOYMENT_TARGET = 15.0;
				MARKETING_VERSION = 0.1.0;
				MTL_ENABLE_DEBUG_INFO = INCLUDE_SOURCE;
				MTL_FAST_MATH = YES;
				ONLY_ACTIVE_ARCH = YES;
				PRODUCT_NAME = "$(TARGET_NAME)";
				SDKROOT = iphoneos;
				SUPPORTS_MACCATALYST = NO;
				SWIFT_ACTIVE_COMPILATION_CONDITIONS = DEBUG;
				SWIFT_OPTIMIZATION_LEVEL = "-Onone";
				SWIFT_VERSION = 5.0;
				TARGETED_DEVICE_FAMILY = "1,2";
			};
			name = Debug;
		};
		C0BE7282C30E528221BBAE73 /* Release */ = {
			isa = XCBuildConfiguration;
			buildSettings = {
				APPLICATION_EXTENSION_API_ONLY = YES;
				ASSETCATALOG_COMPILER_APPICON_NAME = "iMessage App Icon";
				ASSETCATALOG_COMPILER_STICKER_PACK_IDENTIFIER_PREFIX = "$(PRODUCT_BUNDLE_IDENTIFIER).sticker-pack.";
				CODE_SIGN_STYLE = Automatic;
				INFOPLIST_FILE = BenchBitsStickerPack/Info.plist;
				LD_RUNPATH_SEARCH_PATHS = (
					"$(inherited)",
					"@executable_path/Frameworks",
				);
				PRODUCT_BUNDLE_IDENTIFIER = com.dreammanifold.benchbits.stickers;
				SDKROOT = iphoneos;
				SKIP_INSTALL = YES;
				TARGETED_DEVICE_FAMILY = "1,2";
			};
			name = Release;
		};
		F1C07F654B811424488CD9F1 /* Release */ = {
			isa = XCBuildConfiguration;
			buildSettings = {
				ASSETCATALOG_COMPILER_APPICON_NAME = AppIcon;
				CODE_SIGN_STYLE = Automatic;
				INFOPLIST_FILE = BenchBits/Info.plist;
				LD_RUNPATH_SEARCH_PATHS = (
					"$(inherited)",
					"@executable_path/Frameworks",
				);
				PRODUCT_BUNDLE_IDENTIFIER = com.dreammanifold.benchbits;
				SDKROOT = iphoneos;
				SKIP_INSTALL = NO;
				TARGETED_DEVICE_FAMILY = "1,2";
			};
			name = Release;
		};
/* End XCBuildConfiguration section */

/* Begin XCConfigurationList section */
		0F1C653DA5CA96B661A4B2FF /* Build configuration list for PBXProject "BenchBits" */ = {
			isa = XCConfigurationList;
			buildConfigurations = (
				A1327239A9A0644046DFC0BF /* Debug */,
				7ECE6792F273A031B666F318 /* Release */,
			);
			defaultConfigurationIsVisible = 0;
			defaultConfigurationName = Debug;
		};
		5F6543152EDD1EFBFDDE09D9 /* Build configuration list for PBXNativeTarget "BenchBits" */ = {
			isa = XCConfigurationList;
			buildConfigurations = (
				8EE0CA5D75232E67F6D85649 /* Debug */,
				F1C07F654B811424488CD9F1 /* Release */,
			);
			defaultConfigurationIsVisible = 0;
			defaultConfigurationName = Debug;
		};
		7FB9016B9983E64A6073EC07 /* Build configuration list for PBXNativeTarget "BenchBitsStickerPack" */ = {
			isa = XCConfigurationList;
			buildConfigurations = (
				969C310784FCA9C5B803E4D8 /* Debug */,
				C0BE7282C30E528221BBAE73 /* Release */,
			);
			defaultConfigurationIsVisible = 0;
			defaultConfigurationName = Debug;
		};
/* End XCConfigurationList section */
	};
	rootObject = 9712AEA9C49ADA608F7E06A3 /* Project object */;
}
